
Microsoft Visual Studio Solution File, Format Version 12.00
# Visual Studio 15
VisualStudioVersion = 15.0.27004.2010
MinimumVisualStudioVersion = 10.0.40219.1
Project("{E24C65DC-7377-472B-9ABA-BC803B73C61A}") = "Curriculum", ".", "{BC18355A-546C-4860-BB01-433569A60867}"
	ProjectSection(WebsiteProperties) = preProject
		TargetFrameworkMoniker = ".NETFramework,Version%3Dv4.0"
		Debug.AspNetCompiler.VirtualPath = "/localhost_22420"
		Debug.AspNetCompiler.PhysicalPath = "..\Curriculum\"
		Debug.AspNetCompiler.TargetPath = "PrecompiledWeb\localhost_22420\"
		Debug.AspNetCompiler.Updateable = "true"
		Debug.AspNetCompiler.ForceOverwrite = "true"
		Debug.AspNetCompiler.FixedNames = "false"
		Debug.AspNetCompiler.Debug = "True"
		Release.AspNetCompiler.VirtualPath = "/localhost_22420"
		Release.AspNetCompiler.PhysicalPath = "..\Curriculum\"
		Release.AspNetCompiler.TargetPath = "PrecompiledWeb\localhost_22420\"
		Release.AspNetCompiler.Updateable = "true"
		Release.AspNetCompiler.ForceOverwrite = "true"
		Release.AspNetCompiler.FixedNames = "false"
		Release.AspNetCompiler.Debug = "False"
		VWDPort = "22420"
		SlnRelativePath = "..\Curriculum\"
	EndProjectSection
EndProject
Global
	GlobalSection(SolutionConfigurationPlatforms) = preSolution
		Debug|Any CPU = Debug|Any CPU
	EndGlobalSection
	GlobalSection(ProjectConfigurationPlatforms) = postSolution
		{BC18355A-546C-4860-BB01-433569A60867}.Debug|Any CPU.ActiveCfg = Debug|Any CPU
		{BC18355A-546C-4860-BB01-433569A60867}.Debug|Any CPU.Build.0 = Debug|Any CPU
	EndGlobalSection
	GlobalSection(SolutionProperties) = preSolution
		HideSolutionNode = FALSE
	EndGlobalSection
	GlobalSection(ExtensibilityGlobals) = postSolution
		SolutionGuid = {E4C88850-0D58-482B-AC9E-23A59941B968}
	EndGlobalSection
EndGlobal
